
Microsoft Visual Studio Solution File, Format Version 12.00
# Visual Studio Version 16
VisualStudioVersion = 16.0.31019.35
MinimumVisualStudioVersion = 10.0.40219.1
Project("{FAE04EC0-301F-11D3-BF4B-00C04F79EFBC}") = "UmaMute", "UmaMute\UmaMute.csproj", "{41375705-7FFB-421C-8052-D0E4F81B8F39}"
EndProject
Global
	GlobalSection(SolutionConfigurationPlatforms) = preSolution
		Debug|Any CPU = Debug|Any CPU
		Release|Any CPU = Release|Any CPU
	EndGlobalSection
	GlobalSection(ProjectConfigurationPlatforms) = postSolution
		{41375705-7FFB-421C-8052-D0E4F81B8F39}.Debug|Any CPU.ActiveCfg = Debug|Any CPU
		{41375705-7FFB-421C-8052-D0E4F81B8F39}.Debug|Any CPU.Build.0 = Debug|Any CPU
		{41375705-7FFB-421C-8052-D0E4F81B8F39}.Release|Any CPU.ActiveCfg = Release|Any CPU
		{41375705-7FFB-421C-8052-D0E4F81B8F39}.Release|Any CPU.Build.0 = Release|Any CPU
	EndGlobalSection
	GlobalSection(SolutionProperties) = preSolution
		HideSolutionNode = FALSE
	EndGlobalSection
	GlobalSection(ExtensibilityGlobals) = postSolution
		SolutionGuid = {F05D3B97-1EB6-44BF-BC23-FBAE3B1CD2CB}
	EndGlobalSection
EndGlobal
